
Microsoft Visual Studio Solution File, Format Version 12.00
# Visual Studio Version 17
VisualStudioVersion = 17.4.33213.308
MinimumVisualStudioVersion = 10.0.40219.1
Project("{FAE04EC0-301F-11D3-BF4B-00C04F79EFBC}") = "ToDoApi", "ToDoApi\ToDoApi.csproj", "{5181F013-8256-4D37-8814-0B89AF79D49B}"
EndProject
Global
	GlobalSection(SolutionConfigurationPlatforms) = preSolution
		Debug|Any CPU = Debug|Any CPU
		Release|Any CPU = Release|Any CPU
	EndGlobalSection
	GlobalSection(ProjectConfigurationPlatforms) = postSolution
		{5181F013-8256-4D37-8814-0B89AF79D49B}.Debug|Any CPU.ActiveCfg = Debug|Any CPU
		{5181F013-8256-4D37-8814-0B89AF79D49B}.Debug|Any CPU.Build.0 = Debug|Any CPU
		{5181F013-8256-4D37-8814-0B89AF79D49B}.Release|Any CPU.ActiveCfg = Release|Any CPU
		{5181F013-8256-4D37-8814-0B89AF79D49B}.Release|Any CPU.Build.0 = Release|Any CPU
	EndGlobalSection
	GlobalSection(SolutionProperties) = preSolution
		HideSolutionNode = FALSE
	EndGlobalSection
	GlobalSection(ExtensibilityGlobals) = postSolution
		SolutionGuid = {A7E9E693-9F3C-4AA7-BB02-46440552419D}
	EndGlobalSection
EndGlobal
